
Microsoft Visual Studio Solution File, Format Version 12.00
# Visual Studio 2013
VisualStudioVersion = 12.0.40629.0
MinimumVisualStudioVersion = 10.0.40219.1
Project("{8BC9CEB8-8B4A-11D0-8D11-00A0C91BC942}") = "GEngine", "GEngine\GEngine.vcxproj", "{57FAFE26-4C9A-49E7-A118-2FE54ACB1894}"
EndProject
Project("{8BC9CEB8-8B4A-11D0-8D11-00A0C91BC942}") = "GCommon", "Src\GCommon\GCommon.vcxproj", "{9E8FFD81-136F-4AD5-BB63-D7B6755693B8}"
EndProject
Project("{8BC9CEB8-8B4A-11D0-8D11-00A0C91BC942}") = "G3D", "Src\G3D\G3D.vcxproj", "{7C28C448-C97D-44F7-8341-C332793349E4}"
EndProject
Project("{8BC9CEB8-8B4A-11D0-8D11-00A0C91BC942}") = "GDB", "Src\GDB\GDB.vcxproj", "{127109F6-3F8A-4297-977E-183B9B87650E}"
EndProject
Project("{8BC9CEB8-8B4A-11D0-8D11-00A0C91BC942}") = "GLauncher", "Src\GLauncher\GLauncher.vcxproj", "{E7FCF970-4FD4-4460-BE1B-2CC23B6A995C}"
EndProject
Project("{8BC9CEB8-8B4A-11D0-8D11-00A0C91BC942}") = "GExchange", "Src\GExchange\GExchange.vcxproj", "{EDD53FA9-5F12-4BF0-B321-8C1A8098D76B}"
EndProject
Project("{8BC9CEB8-8B4A-11D0-8D11-00A0C91BC942}") = "GAlignmentAction", "Src\GAlignmentAction\GAlignmentAction.vcxproj", "{B2382A80-0F68-427F-B6BD-3E56CD14E13F}"
EndProject
Project("{8BC9CEB8-8B4A-11D0-8D11-00A0C91BC942}") = "GAlignment", "Src\GAlignment\GAlignment.vcxproj", "{BA2D9462-1F93-46F7-996B-EEFA86C4D20E}"
EndProject
Project("{8BC9CEB8-8B4A-11D0-8D11-00A0C91BC942}") = "GAlignmentObject", "Src\GAlignmentObject\GAlignmentObject.vcxproj", "{7CB89ECB-A3B8-4951-91E3-93D92B09731D}"
EndProject
Global
	GlobalSection(SolutionConfigurationPlatforms) = preSolution
		DebugUnicode_vc10|ARM = DebugUnicode_vc10|ARM
		DebugUnicode_vc10|Win32 = DebugUnicode_vc10|Win32
		DebugUnicode_vc10|x64 = DebugUnicode_vc10|x64
		DebugUnicode_vc12|ARM = DebugUnicode_vc12|ARM
		DebugUnicode_vc12|Win32 = DebugUnicode_vc12|Win32
		DebugUnicode_vc12|x64 = DebugUnicode_vc12|x64
		ReleaseUnicode_vc10|ARM = ReleaseUnicode_vc10|ARM
		ReleaseUnicode_vc10|Win32 = ReleaseUnicode_vc10|Win32
		ReleaseUnicode_vc10|x64 = ReleaseUnicode_vc10|x64
		ReleaseUnicode_vc12|ARM = ReleaseUnicode_vc12|ARM
		ReleaseUnicode_vc12|Win32 = ReleaseUnicode_vc12|Win32
		ReleaseUnicode_vc12|x64 = ReleaseUnicode_vc12|x64
	EndGlobalSection
	GlobalSection(ProjectConfigurationPlatforms) = postSolution
		{57FAFE26-4C9A-49E7-A118-2FE54ACB1894}.DebugUnicode_vc10|ARM.ActiveCfg = DebugUnicode_vc10|Win32
		{57FAFE26-4C9A-49E7-A118-2FE54ACB1894}.DebugUnicode_vc10|Win32.ActiveCfg = DebugUnicode_vc10|Win32
		{57FAFE26-4C9A-49E7-A118-2FE54ACB1894}.DebugUnicode_vc10|Win32.Build.0 = DebugUnicode_vc10|Win32
		{57FAFE26-4C9A-49E7-A118-2FE54ACB1894}.DebugUnicode_vc10|x64.ActiveCfg = DebugUnicode_vc10|x64
		{57FAFE26-4C9A-49E7-A118-2FE54ACB1894}.DebugUnicode_vc10|x64.Build.0 = DebugUnicode_vc10|x64
		{57FAFE26-4C9A-49E7-A118-2FE54ACB1894}.DebugUnicode_vc12|ARM.ActiveCfg = DebugUnicode_vc12|Win32
		{57FAFE26-4C9A-49E7-A118-2FE54ACB1894}.DebugUnicode_vc12|Win32.ActiveCfg = DebugUnicode_vc12|Win32
		{57FAFE26-4C9A-49E7-A118-2FE54ACB1894}.DebugUnicode_vc12|Win32.Deploy.0 = DebugUnicode_vc12|Win32
		{57FAFE26-4C9A-49E7-A118-2FE54ACB1894}.DebugUnicode_vc12|x64.ActiveCfg = DebugUnicode_vc12|x64
		{57FAFE26-4C9A-49E7-A118-2FE54ACB1894}.DebugUnicode_vc12|x64.Build.0 = DebugUnicode_vc12|x64
		{57FAFE26-4C9A-49E7-A118-2FE54ACB1894}.ReleaseUnicode_vc10|ARM.ActiveCfg = ReleaseUnicode_vc10|Win32
		{57FAFE26-4C9A-49E7-A118-2FE54ACB1894}.ReleaseUnicode_vc10|Win32.ActiveCfg = ReleaseUnicode_vc10|Win32
		{57FAFE26-4C9A-49E7-A118-2FE54ACB1894}.ReleaseUnicode_vc10|Win32.Build.0 = ReleaseUnicode_vc10|Win32
		{57FAFE26-4C9A-49E7-A118-2FE54ACB1894}.ReleaseUnicode_vc10|x64.ActiveCfg = ReleaseUnicode_vc10|x64
		{57FAFE26-4C9A-49E7-A118-2FE54ACB1894}.ReleaseUnicode_vc10|x64.Build.0 = ReleaseUnicode_vc10|x64
		{57FAFE26-4C9A-49E7-A118-2FE54ACB1894}.ReleaseUnicode_vc12|ARM.ActiveCfg = ReleaseUnicode_vc12|Win32
		{57FAFE26-4C9A-49E7-A118-2FE54ACB1894}.ReleaseUnicode_vc12|Win32.ActiveCfg = ReleaseUnicode_vc12|Win32
		{57FAFE26-4C9A-49E7-A118-2FE54ACB1894}.ReleaseUnicode_vc12|Win32.Build.0 = ReleaseUnicode_vc12|Win32
		{57FAFE26-4C9A-49E7-A118-2FE54ACB1894}.ReleaseUnicode_vc12|x64.ActiveCfg = ReleaseUnicode_vc12|x64
		{57FAFE26-4C9A-49E7-A118-2FE54ACB1894}.ReleaseUnicode_vc12|x64.Build.0 = ReleaseUnicode_vc12|x64
		{9E8FFD81-136F-4AD5-BB63-D7B6755693B8}.DebugUnicode_vc10|ARM.ActiveCfg = DebugUnicode_vc10|Win32
		{9E8FFD81-136F-4AD5-BB63-D7B6755693B8}.DebugUnicode_vc10|Win32.ActiveCfg = DebugUnicode_vc10|Win32
		{9E8FFD81-136F-4AD5-BB63-D7B6755693B8}.DebugUnicode_vc10|Win32.Build.0 = DebugUnicode_vc10|Win32
		{9E8FFD81-136F-4AD5-BB63-D7B6755693B8}.DebugUnicode_vc10|x64.ActiveCfg = DebugUnicode_vc10|x64
		{9E8FFD81-136F-4AD5-BB63-D7B6755693B8}.DebugUnicode_vc10|x64.Build.0 = DebugUnicode_vc10|x64
		{9E8FFD81-136F-4AD5-BB63-D7B6755693B8}.DebugUnicode_vc12|ARM.ActiveCfg = DebugUnicode_vc12|Win32
		{9E8FFD81-136F-4AD5-BB63-D7B6755693B8}.DebugUnicode_vc12|Win32.ActiveCfg = DebugUnicode_vc12|Win32
		{9E8FFD81-136F-4AD5-BB63-D7B6755693B8}.DebugUnicode_vc12|Win32.Build.0 = DebugUnicode_vc12|Win32
		{9E8FFD81-136F-4AD5-BB63-D7B6755693B8}.DebugUnicode_vc12|Win32.Deploy.0 = DebugUnicode_vc12|Win32
		{9E8FFD81-136F-4AD5-BB63-D7B6755693B8}.DebugUnicode_vc12|x64.ActiveCfg = DebugUnicode_vc12|x64
		{9E8FFD81-136F-4AD5-BB63-D7B6755693B8}.DebugUnicode_vc12|x64.Build.0 = DebugUnicode_vc12|x64
		{9E8FFD81-136F-4AD5-BB63-D7B6755693B8}.ReleaseUnicode_vc10|ARM.ActiveCfg = ReleaseUnicode_vc10|Win32
		{9E8FFD81-136F-4AD5-BB63-D7B6755693B8}.ReleaseUnicode_vc10|Win32.ActiveCfg = ReleaseUnicode_vc10|Win32
		{9E8FFD81-136F-4AD5-BB63-D7B6755693B8}.ReleaseUnicode_vc10|Win32.Build.0 = ReleaseUnicode_vc10|Win32
		{9E8FFD81-136F-4AD5-BB63-D7B6755693B8}.ReleaseUnicode_vc10|x64.ActiveCfg = ReleaseUnicode_vc10|x64
		{9E8FFD81-136F-4AD5-BB63-D7B6755693B8}.ReleaseUnicode_vc10|x64.Build.0 = ReleaseUnicode_vc10|x64
		{9E8FFD81-136F-4AD5-BB63-D7B6755693B8}.ReleaseUnicode_vc12|ARM.ActiveCfg = ReleaseUnicode_vc12|Win32
		{9E8FFD81-136F-4AD5-BB63-D7B6755693B8}.ReleaseUnicode_vc12|Win32.ActiveCfg = ReleaseUnicode_vc12|Win32
		{9E8FFD81-136F-4AD5-BB63-D7B6755693B8}.ReleaseUnicode_vc12|Win32.Build.0 = ReleaseUnicode_vc12|Win32
		{9E8FFD81-136F-4AD5-BB63-D7B6755693B8}.ReleaseUnicode_vc12|x64.ActiveCfg = ReleaseUnicode_vc12|x64
		{9E8FFD81-136F-4AD5-BB63-D7B6755693B8}.ReleaseUnicode_vc12|x64.Build.0 = ReleaseUnicode_vc12|x64
		{7C28C448-C97D-44F7-8341-C332793349E4}.DebugUnicode_vc10|ARM.ActiveCfg = DebugUnicode_vc10|Win32
		{7C28C448-C97D-44F7-8341-C332793349E4}.DebugUnicode_vc10|Win32.ActiveCfg = DebugUnicode_vc10|Win32
		{7C28C448-C97D-44F7-8341-C332793349E4}.DebugUnicode_vc10|Win32.Build.0 = DebugUnicode_vc10|Win32
		{7C28C448-C97D-44F7-8341-C332793349E4}.DebugUnicode_vc10|x64.ActiveCfg = DebugUnicode_vc10|x64
		{7C28C448-C97D-44F7-8341-C332793349E4}.DebugUnicode_vc10|x64.Build.0 = DebugUnicode_vc10|x64
		{7C28C448-C97D-44F7-8341-C332793349E4}.DebugUnicode_vc12|ARM.ActiveCfg = DebugUnicode_vc12|Win32
		{7C28C448-C97D-44F7-8341-C332793349E4}.DebugUnicode_vc12|Win32.ActiveCfg = DebugUnicode_vc12|Win32
		{7C28C448-C97D-44F7-8341-C332793349E4}.DebugUnicode_vc12|Win32.Build.0 = DebugUnicode_vc12|Win32
		{7C28C448-C97D-44F7-8341-C332793349E4}.DebugUnicode_vc12|x64.ActiveCfg = DebugUnicode_vc12|x64
		{7C28C448-C97D-44F7-8341-C332793349E4}.DebugUnicode_vc12|x64.Build.0 = DebugUnicode_vc12|x64
		{7C28C448-C97D-44F7-8341-C332793349E4}.ReleaseUnicode_vc10|ARM.ActiveCfg = ReleaseUnicode_vc10|Win32
		{7C28C448-C97D-44F7-8341-C332793349E4}.ReleaseUnicode_vc10|Win32.ActiveCfg = ReleaseUnicode_vc10|Win32
		{7C28C448-C97D-44F7-8341-C332793349E4}.ReleaseUnicode_vc10|Win32.Build.0 = ReleaseUnicode_vc10|Win32
		{7C28C448-C97D-44F7-8341-C332793349E4}.ReleaseUnicode_vc10|x64.ActiveCfg = ReleaseUnicode_vc10|x64
		{7C28C448-C97D-44F7-8341-C332793349E4}.ReleaseUnicode_vc10|x64.Build.0 = ReleaseUnicode_vc10|x64
		{7C28C448-C97D-44F7-8341-C332793349E4}.ReleaseUnicode_vc12|ARM.ActiveCfg = ReleaseUnicode_vc12|Win32
		{7C28C448-C97D-44F7-8341-C332793349E4}.ReleaseUnicode_vc12|Win32.ActiveCfg = ReleaseUnicode_vc12|Win32
		{7C28C448-C97D-44F7-8341-C332793349E4}.ReleaseUnicode_vc12|Win32.Build.0 = ReleaseUnicode_vc12|Win32
		{7C28C448-C97D-44F7-8341-C332793349E4}.ReleaseUnicode_vc12|x64.ActiveCfg = ReleaseUnicode_vc12|x64
		{7C28C448-C97D-44F7-8341-C332793349E4}.ReleaseUnicode_vc12|x64.Build.0 = ReleaseUnicode_vc12|x64
		{127109F6-3F8A-4297-977E-183B9B87650E}.DebugUnicode_vc10|ARM.ActiveCfg = DebugUnicode_vc10|Win32
		{127109F6-3F8A-4297-977E-183B9B87650E}.DebugUnicode_vc10|Win32.ActiveCfg = DebugUnicode_vc10|Win32
		{127109F6-3F8A-4297-977E-183B9B87650E}.DebugUnicode_vc10|Win32.Build.0 = DebugUnicode_vc10|Win32
		{127109F6-3F8A-4297-977E-183B9B87650E}.DebugUnicode_vc10|x64.ActiveCfg = DebugUnicode_vc10|x64
		{127109F6-3F8A-4297-977E-183B9B87650E}.DebugUnicode_vc10|x64.Build.0 = DebugUnicode_vc10|x64
		{127109F6-3F8A-4297-977E-183B9B87650E}.DebugUnicode_vc12|ARM.ActiveCfg = DebugUnicode_vc12|Win32
		{127109F6-3F8A-4297-977E-183B9B87650E}.DebugUnicode_vc12|Win32.ActiveCfg = DebugUnicode_vc12|Win32
		{127109F6-3F8A-4297-977E-183B9B87650E}.DebugUnicode_vc12|Win32.Build.0 = DebugUnicode_vc12|Win32
		{127109F6-3F8A-4297-977E-183B9B87650E}.DebugUnicode_vc12|Win32.Deploy.0 = DebugUnicode_vc12|Win32
		{127109F6-3F8A-4297-977E-183B9B87650E}.DebugUnicode_vc12|x64.ActiveCfg = DebugUnicode_vc12|x64
		{127109F6-3F8A-4297-977E-183B9B87650E}.DebugUnicode_vc12|x64.Build.0 = DebugUnicode_vc12|x64
		{127109F6-3F8A-4297-977E-183B9B87650E}.ReleaseUnicode_vc10|ARM.ActiveCfg = ReleaseUnicode_vc10|Win32
		{127109F6-3F8A-4297-977E-183B9B87650E}.ReleaseUnicode_vc10|Win32.ActiveCfg = ReleaseUnicode_vc10|Win32
		{127109F6-3F8A-4297-977E-183B9B87650E}.ReleaseUnicode_vc10|Win32.Build.0 = ReleaseUnicode_vc10|Win32
		{127109F6-3F8A-4297-977E-183B9B87650E}.ReleaseUnicode_vc10|x64.ActiveCfg = ReleaseUnicode_vc10|x64
		{127109F6-3F8A-4297-977E-183B9B87650E}.ReleaseUnicode_vc10|x64.Build.0 = ReleaseUnicode_vc10|x64
		{127109F6-3F8A-4297-977E-183B9B87650E}.ReleaseUnicode_vc12|ARM.ActiveCfg = ReleaseUnicode_vc12|Win32
		{127109F6-3F8A-4297-977E-183B9B87650E}.ReleaseUnicode_vc12|Win32.ActiveCfg = ReleaseUnicode_vc12|Win32
		{127109F6-3F8A-4297-977E-183B9B87650E}.ReleaseUnicode_vc12|Win32.Build.0 = ReleaseUnicode_vc12|Win32
		{127109F6-3F8A-4297-977E-183B9B87650E}.ReleaseUnicode_vc12|x64.ActiveCfg = ReleaseUnicode_vc12|x64
		{127109F6-3F8A-4297-977E-183B9B87650E}.ReleaseUnicode_vc12|x64.Build.0 = ReleaseUnicode_vc12|x64
		{E7FCF970-4FD4-4460-BE1B-2CC23B6A995C}.DebugUnicode_vc10|ARM.ActiveCfg = DebugUnicode_vc10|Win32
		{E7FCF970-4FD4-4460-BE1B-2CC23B6A995C}.DebugUnicode_vc10|Win32.ActiveCfg = DebugUnicode_vc10|Win32
		{E7FCF970-4FD4-4460-BE1B-2CC23B6A995C}.DebugUnicode_vc10|Win32.Build.0 = DebugUnicode_vc10|Win32
		{E7FCF970-4FD4-4460-BE1B-2CC23B6A995C}.DebugUnicode_vc10|x64.ActiveCfg = DebugUnicode_vc10|Win32
		{E7FCF970-4FD4-4460-BE1B-2CC23B6A995C}.DebugUnicode_vc12|ARM.ActiveCfg = DebugUnicode_vc10|Win32
		{E7FCF970-4FD4-4460-BE1B-2CC23B6A995C}.DebugUnicode_vc12|Win32.ActiveCfg = DebugUnicode_vc12|Win32
		{E7FCF970-4FD4-4460-BE1B-2CC23B6A995C}.DebugUnicode_vc12|Win32.Build.0 = DebugUnicode_vc12|Win32
		{E7FCF970-4FD4-4460-BE1B-2CC23B6A995C}.DebugUnicode_vc12|x64.ActiveCfg = DebugUnicode_vc12|x64
		{E7FCF970-4FD4-4460-BE1B-2CC23B6A995C}.DebugUnicode_vc12|x64.Build.0 = DebugUnicode_vc12|x64
		{E7FCF970-4FD4-4460-BE1B-2CC23B6A995C}.ReleaseUnicode_vc10|ARM.ActiveCfg = ReleaseUnicode_vc10|Win32
		{E7FCF970-4FD4-4460-BE1B-2CC23B6A995C}.ReleaseUnicode_vc10|Win32.ActiveCfg = ReleaseUnicode_vc10|Win32
		{E7FCF970-4FD4-4460-BE1B-2CC23B6A995C}.ReleaseUnicode_vc10|Win32.Build.0 = ReleaseUnicode_vc10|Win32
		{E7FCF970-4FD4-4460-BE1B-2CC23B6A995C}.ReleaseUnicode_vc10|x64.ActiveCfg = ReleaseUnicode_vc10|Win32
		{E7FCF970-4FD4-4460-BE1B-2CC23B6A995C}.ReleaseUnicode_vc12|ARM.ActiveCfg = ReleaseUnicode_vc10|Win32
		{E7FCF970-4FD4-4460-BE1B-2CC23B6A995C}.ReleaseUnicode_vc12|Win32.ActiveCfg = ReleaseUnicode_vc12|Win32
		{E7FCF970-4FD4-4460-BE1B-2CC23B6A995C}.ReleaseUnicode_vc12|Win32.Build.0 = ReleaseUnicode_vc12|Win32
		{E7FCF970-4FD4-4460-BE1B-2CC23B6A995C}.ReleaseUnicode_vc12|x64.ActiveCfg = ReleaseUnicode_vc12|x64
		{E7FCF970-4FD4-4460-BE1B-2CC23B6A995C}.ReleaseUnicode_vc12|x64.Build.0 = ReleaseUnicode_vc12|x64
		{EDD53FA9-5F12-4BF0-B321-8C1A8098D76B}.DebugUnicode_vc10|ARM.ActiveCfg = DebugUnicode_vc10|Win32
		{EDD53FA9-5F12-4BF0-B321-8C1A8098D76B}.DebugUnicode_vc10|Win32.ActiveCfg = DebugUnicode_vc10|Win32
		{EDD53FA9-5F12-4BF0-B321-8C1A8098D76B}.DebugUnicode_vc10|Win32.Build.0 = DebugUnicode_vc10|Win32
		{EDD53FA9-5F12-4BF0-B321-8C1A8098D76B}.DebugUnicode_vc10|x64.ActiveCfg = DebugUnicode_vc10|Win32
		{EDD53FA9-5F12-4BF0-B321-8C1A8098D76B}.DebugUnicode_vc12|ARM.ActiveCfg = DebugUnicode_vc10|Win32
		{EDD53FA9-5F12-4BF0-B321-8C1A8098D76B}.DebugUnicode_vc12|Win32.ActiveCfg = DebugUnicode_vc12|Win32
		{EDD53FA9-5F12-4BF0-B321-8C1A8098D76B}.DebugUnicode_vc12|Win32.Build.0 = DebugUnicode_vc12|Win32
		{EDD53FA9-5F12-4BF0-B321-8C1A8098D76B}.DebugUnicode_vc12|x64.ActiveCfg = DebugUnicode_vc12|x64
		{EDD53FA9-5F12-4BF0-B321-8C1A8098D76B}.DebugUnicode_vc12|x64.Build.0 = DebugUnicode_vc12|x64
		{EDD53FA9-5F12-4BF0-B321-8C1A8098D76B}.ReleaseUnicode_vc10|ARM.ActiveCfg = ReleaseUnicode_vc10|Win32
		{EDD53FA9-5F12-4BF0-B321-8C1A8098D76B}.ReleaseUnicode_vc10|Win32.ActiveCfg = ReleaseUnicode_vc10|Win32
		{EDD53FA9-5F12-4BF0-B321-8C1A8098D76B}.ReleaseUnicode_vc10|Win32.Build.0 = ReleaseUnicode_vc10|Win32
		{EDD53FA9-5F12-4BF0-B321-8C1A8098D76B}.ReleaseUnicode_vc10|x64.ActiveCfg = ReleaseUnicode_vc10|Win32
		{EDD53FA9-5F12-4BF0-B321-8C1A8098D76B}.ReleaseUnicode_vc12|ARM.ActiveCfg = ReleaseUnicode_vc10|Win32
		{EDD53FA9-5F12-4BF0-B321-8C1A8098D76B}.ReleaseUnicode_vc12|Win32.ActiveCfg = ReleaseUnicode_vc12|Win32
		{EDD53FA9-5F12-4BF0-B321-8C1A8098D76B}.ReleaseUnicode_vc12|Win32.Build.0 = ReleaseUnicode_vc12|Win32
		{EDD53FA9-5F12-4BF0-B321-8C1A8098D76B}.ReleaseUnicode_vc12|x64.ActiveCfg = ReleaseUnicode_vc12|x64
		{EDD53FA9-5F12-4BF0-B321-8C1A8098D76B}.ReleaseUnicode_vc12|x64.Build.0 = ReleaseUnicode_vc12|x64
		{B2382A80-0F68-427F-B6BD-3E56CD14E13F}.DebugUnicode_vc10|ARM.ActiveCfg = DebugUnicode_vc10|Win32
		{B2382A80-0F68-427F-B6BD-3E56CD14E13F}.DebugUnicode_vc10|Win32.ActiveCfg = DebugUnicode_vc10|Win32
		{B2382A80-0F68-427F-B6BD-3E56CD14E13F}.DebugUnicode_vc10|Win32.Build.0 = DebugUnicode_vc10|Win32
		{B2382A80-0F68-427F-B6BD-3E56CD14E13F}.DebugUnicode_vc10|x64.ActiveCfg = DebugUnicode_vc10|Win32
		{B2382A80-0F68-427F-B6BD-3E56CD14E13F}.DebugUnicode_vc12|ARM.ActiveCfg = DebugUnicode_vc10|Win32
		{B2382A80-0F68-427F-B6BD-3E56CD14E13F}.DebugUnicode_vc12|Win32.ActiveCfg = DebugUnicode_vc12|Win32
		{B2382A80-0F68-427F-B6BD-3E56CD14E13F}.DebugUnicode_vc12|Win32.Build.0 = DebugUnicode_vc12|Win32
		{B2382A80-0F68-427F-B6BD-3E56CD14E13F}.DebugUnicode_vc12|x64.ActiveCfg = DebugUnicode_vc12|x64
		{B2382A80-0F68-427F-B6BD-3E56CD14E13F}.DebugUnicode_vc12|x64.Build.0 = DebugUnicode_vc12|x64
		{B2382A80-0F68-427F-B6BD-3E56CD14E13F}.ReleaseUnicode_vc10|ARM.ActiveCfg = ReleaseUnicode_vc10|Win32
		{B2382A80-0F68-427F-B6BD-3E56CD14E13F}.ReleaseUnicode_vc10|Win32.ActiveCfg = ReleaseUnicode_vc10|Win32
		{B2382A80-0F68-427F-B6BD-3E56CD14E13F}.ReleaseUnicode_vc10|Win32.Build.0 = ReleaseUnicode_vc10|Win32
		{B2382A80-0F68-427F-B6BD-3E56CD14E13F}.ReleaseUnicode_vc10|x64.ActiveCfg = ReleaseUnicode_vc10|Win32
		{B2382A80-0F68-427F-B6BD-3E56CD14E13F}.ReleaseUnicode_vc12|ARM.ActiveCfg = ReleaseUnicode_vc10|Win32
		{B2382A80-0F68-427F-B6BD-3E56CD14E13F}.ReleaseUnicode_vc12|Win32.ActiveCfg = ReleaseUnicode_vc12|Win32
		{B2382A80-0F68-427F-B6BD-3E56CD14E13F}.ReleaseUnicode_vc12|Win32.Build.0 = ReleaseUnicode_vc12|Win32
		{B2382A80-0F68-427F-B6BD-3E56CD14E13F}.ReleaseUnicode_vc12|x64.ActiveCfg = ReleaseUnicode_vc12|x64
		{B2382A80-0F68-427F-B6BD-3E56CD14E13F}.ReleaseUnicode_vc12|x64.Build.0 = ReleaseUnicode_vc12|x64
		{BA2D9462-1F93-46F7-996B-EEFA86C4D20E}.DebugUnicode_vc10|ARM.ActiveCfg = DebugUnicode_vc10|Win32
		{BA2D9462-1F93-46F7-996B-EEFA86C4D20E}.DebugUnicode_vc10|Win32.ActiveCfg = DebugUnicode_vc10|Win32
		{BA2D9462-1F93-46F7-996B-EEFA86C4D20E}.DebugUnicode_vc10|Win32.Build.0 = DebugUnicode_vc10|Win32
		{BA2D9462-1F93-46F7-996B-EEFA86C4D20E}.DebugUnicode_vc10|x64.ActiveCfg = DebugUnicode_vc10|Win32
		{BA2D9462-1F93-46F7-996B-EEFA86C4D20E}.DebugUnicode_vc12|ARM.ActiveCfg = DebugUnicode_vc10|Win32
		{BA2D9462-1F93-46F7-996B-EEFA86C4D20E}.DebugUnicode_vc12|Win32.ActiveCfg = DebugUnicode_vc12|Win32
		{BA2D9462-1F93-46F7-996B-EEFA86C4D20E}.DebugUnicode_vc12|Win32.Build.0 = DebugUnicode_vc12|Win32
		{BA2D9462-1F93-46F7-996B-EEFA86C4D20E}.DebugUnicode_vc12|x64.ActiveCfg = DebugUnicode_vc12|x64
		{BA2D9462-1F93-46F7-996B-EEFA86C4D20E}.DebugUnicode_vc12|x64.Build.0 = DebugUnicode_vc12|x64
		{BA2D9462-1F93-46F7-996B-EEFA86C4D20E}.ReleaseUnicode_vc10|ARM.ActiveCfg = ReleaseUnicode_vc10|Win32
		{BA2D9462-1F93-46F7-996B-EEFA86C4D20E}.ReleaseUnicode_vc10|Win32.ActiveCfg = ReleaseUnicode_vc10|Win32
		{BA2D9462-1F93-46F7-996B-EEFA86C4D20E}.ReleaseUnicode_vc10|Win32.Build.0 = ReleaseUnicode_vc10|Win32
		{BA2D9462-1F93-46F7-996B-EEFA86C4D20E}.ReleaseUnicode_vc10|x64.ActiveCfg = ReleaseUnicode_vc10|Win32
		{BA2D9462-1F93-46F7-996B-EEFA86C4D20E}.ReleaseUnicode_vc12|ARM.ActiveCfg = ReleaseUnicode_vc10|Win32
		{BA2D9462-1F93-46F7-996B-EEFA86C4D20E}.ReleaseUnicode_vc12|Win32.ActiveCfg = ReleaseUnicode_vc12|Win32
		{BA2D9462-1F93-46F7-996B-EEFA86C4D20E}.ReleaseUnicode_vc12|Win32.Build.0 = ReleaseUnicode_vc12|Win32
		{BA2D9462-1F93-46F7-996B-EEFA86C4D20E}.ReleaseUnicode_vc12|x64.ActiveCfg = ReleaseUnicode_vc12|x64
		{BA2D9462-1F93-46F7-996B-EEFA86C4D20E}.ReleaseUnicode_vc12|x64.Build.0 = ReleaseUnicode_vc12|x64
		{7CB89ECB-A3B8-4951-91E3-93D92B09731D}.DebugUnicode_vc10|ARM.ActiveCfg = DebugUnicode_vc10|Win32
		{7CB89ECB-A3B8-4951-91E3-93D92B09731D}.DebugUnicode_vc10|Win32.ActiveCfg = DebugUnicode_vc10|Win32
		{7CB89ECB-A3B8-4951-91E3-93D92B09731D}.DebugUnicode_vc10|Win32.Build.0 = DebugUnicode_vc10|Win32
		{7CB89ECB-A3B8-4951-91E3-93D92B09731D}.DebugUnicode_vc10|x64.ActiveCfg = DebugUnicode_vc10|Win32
		{7CB89ECB-A3B8-4951-91E3-93D92B09731D}.DebugUnicode_vc12|ARM.ActiveCfg = DebugUnicode_vc10|Win32
		{7CB89ECB-A3B8-4951-91E3-93D92B09731D}.DebugUnicode_vc12|Win32.ActiveCfg = DebugUnicode_vc12|Win32
		{7CB89ECB-A3B8-4951-91E3-93D92B09731D}.DebugUnicode_vc12|Win32.Build.0 = DebugUnicode_vc12|Win32
		{7CB89ECB-A3B8-4951-91E3-93D92B09731D}.DebugUnicode_vc12|x64.ActiveCfg = DebugUnicode_vc12|x64
		{7CB89ECB-A3B8-4951-91E3-93D92B09731D}.DebugUnicode_vc12|x64.Build.0 = DebugUnicode_vc12|x64
		{7CB89ECB-A3B8-4951-91E3-93D92B09731D}.ReleaseUnicode_vc10|ARM.ActiveCfg = ReleaseUnicode_vc10|Win32
		{7CB89ECB-A3B8-4951-91E3-93D92B09731D}.ReleaseUnicode_vc10|Win32.ActiveCfg = ReleaseUnicode_vc10|Win32
		{7CB89ECB-A3B8-4951-91E3-93D92B09731D}.ReleaseUnicode_vc10|Win32.Build.0 = ReleaseUnicode_vc10|Win32
		{7CB89ECB-A3B8-4951-91E3-93D92B09731D}.ReleaseUnicode_vc10|x64.ActiveCfg = ReleaseUnicode_vc10|Win32
		{7CB89ECB-A3B8-4951-91E3-93D92B09731D}.ReleaseUnicode_vc12|ARM.ActiveCfg = ReleaseUnicode_vc10|Win32
		{7CB89ECB-A3B8-4951-91E3-93D92B09731D}.ReleaseUnicode_vc12|Win32.ActiveCfg = ReleaseUnicode_vc12|Win32
		{7CB89ECB-A3B8-4951-91E3-93D92B09731D}.ReleaseUnicode_vc12|Win32.Build.0 = ReleaseUnicode_vc12|Win32
		{7CB89ECB-A3B8-4951-91E3-93D92B09731D}.ReleaseUnicode_vc12|x64.ActiveCfg = ReleaseUnicode_vc12|x64
		{7CB89ECB-A3B8-4951-91E3-93D92B09731D}.ReleaseUnicode_vc12|x64.Build.0 = ReleaseUnicode_vc12|x64
	EndGlobalSection
	GlobalSection(SolutionProperties) = preSolution
		HideSolutionNode = FALSE
	EndGlobalSection
EndGlobal
