<?xml version="1.0" encoding="utf-8"?>
<Project ToolsVersion="4.0" xmlns="http://schemas.microsoft.com/developer/msbuild/2003">
  <ItemGroup>
    <Filter Include="Source Files">
      <UniqueIdentifier>{4FC737F1-C7A5-4376-A066-2A32D752A2FF}</UniqueIdentifier>
      <Extensions>cpp;c;cc;cxx;def;odl;idl;hpj;bat;asm;asmx</Extensions>
    </Filter>
    <Filter Include="Header Files">
      <UniqueIdentifier>{93995380-89BD-4b04-88EB-625FBE52EBFB}</UniqueIdentifier>
      <Extensions>h;hh;hpp;hxx;hm;inl;inc;xsd</Extensions>
    </Filter>
    <Filter Include="Resource Files">
      <UniqueIdentifier>{67DA6AB6-F800-4c08-8B7A-83BB121AAD01}</UniqueIdentifier>
      <Extensions>rc;ico;cur;bmp;dlg;rc2;rct;bin;rgs;gif;jpg;jpeg;jpe;resx;tiff;tif;png;wav;mfcribbon-ms</Extensions>
    </Filter>
  </ItemGroup>
  <ItemGroup>
    <ClInclude Include="GDC.h">
      <Filter>Header Files</Filter>
    </ClInclude>
    <ClInclude Include="GDCInitData.h">
      <Filter>Header Files</Filter>
    </ClInclude>
    <ClInclude Include="G3DView.h">
      <Filter>Header Files</Filter>
    </ClInclude>
    <ClInclude Include="GDCDirectX11.h">
      <Filter>Header Files</Filter>
    </ClInclude>
    <ClInclude Include="GCamera.h">
      <Filter>Header Files</Filter>
    </ClInclude>
    <ClInclude Include="GDirectX11Util.h">
      <Filter>Header Files</Filter>
    </ClInclude>
    <ClInclude Include="G3DCallBackManager.h">
      <Filter>Header Files</Filter>
    </ClInclude>
    <ClInclude Include="G3DDefine.h">
      <Filter>Header Files</Filter>
    </ClInclude>
    <ClInclude Include="G3DViewInitData.h">
      <Filter>Header Files</Filter>
    </ClInclude>
    <ClInclude Include="G3DActionManager.h">
      <Filter>Header Files</Filter>
    </ClInclude>
    <ClInclude Include="G3DActionBase.h">
      <Filter>Header Files</Filter>
    </ClInclude>
    <ClInclude Include="G3DActionSelect.h">
      <Filter>Header Files</Filter>
    </ClInclude>
    <ClInclude Include="GDCTargetView.h">
      <Filter>Header Files</Filter>
    </ClInclude>
    <ClInclude Include="GDCDirectX11TargetView.h">
      <Filter>Header Files</Filter>
    </ClInclude>
    <ClInclude Include="GDCTargetViewInitData.h">
      <Filter>Header Files</Filter>
    </ClInclude>
    <ClInclude Include="G3DCallBackDrawingObject.h">
      <Filter>Header Files</Filter>
    </ClInclude>
    <ClInclude Include="GDCDirectX11BufferLayer.h">
      <Filter>Header Files</Filter>
    </ClInclude>
    <ClInclude Include="G3DViewLayer.h">
      <Filter>Header Files</Filter>
    </ClInclude>
    <ClInclude Include="G3DActionCreateLine.h">
      <Filter>Header Files</Filter>
    </ClInclude>
    <ClInclude Include="GSelectionManager.h">
      <Filter>Header Files</Filter>
    </ClInclude>
    <ClInclude Include="GSpace.h">
      <Filter>Header Files</Filter>
    </ClInclude>
    <ClInclude Include="GSpaceManager.h">
      <Filter>Header Files</Filter>
    </ClInclude>
    <ClInclude Include="G3DSpaceView.h">
      <Filter>Header Files</Filter>
    </ClInclude>
    <ClInclude Include="GDCDirectX11BufferLayerItem.h">
      <Filter>Header Files</Filter>
    </ClInclude>
    <ClInclude Include="G3DTest.h">
      <Filter>Header Files</Filter>
    </ClInclude>
    <ClInclude Include="G3DActionCreateCircle.h">
      <Filter>Header Files</Filter>
    </ClInclude>
    <ClInclude Include="G3DActionMove.h">
      <Filter>Header Files</Filter>
    </ClInclude>
    <ClInclude Include="GEditManager.h">
      <Filter>Header Files</Filter>
    </ClInclude>
    <ClInclude Include="G3DActionCopy.h">
      <Filter>Header Files</Filter>
    </ClInclude>
    <ClInclude Include="G3DActionRotate2D.h">
      <Filter>Header Files</Filter>
    </ClInclude>
    <ClInclude Include="G3DActionScale.h">
      <Filter>Header Files</Filter>
    </ClInclude>
    <ClInclude Include="GCommandBarBase.h">
      <Filter>Header Files</Filter>
    </ClInclude>
    <ClInclude Include="G3DAPI.h">
      <Filter>Header Files</Filter>
    </ClInclude>
    <ClInclude Include="..\..\..\..\Lib\DirectX11\Common\Effects.h">
      <Filter>Header Files</Filter>
    </ClInclude>
    <ClInclude Include="..\..\..\..\Lib\DirectX11\Common\LightHelper.h">
      <Filter>Header Files</Filter>
    </ClInclude>
    <ClInclude Include="..\..\..\..\Lib\DirectX11\Common\Vertex.h">
      <Filter>Header Files</Filter>
    </ClInclude>
    <ClInclude Include="..\..\..\..\Lib\DirectX11\Common\xnacollision.h">
      <Filter>Header Files</Filter>
    </ClInclude>
    <ClInclude Include="GDCBufferLayerItemIdentifier.h">
      <Filter>Header Files</Filter>
    </ClInclude>
    <ClInclude Include="GDCDirectX11TextureManager.h">
      <Filter>Header Files</Filter>
    </ClInclude>
    <ClInclude Include="GDCDirectX11TextureItem.h">
      <Filter>Header Files</Filter>
    </ClInclude>
    <ClInclude Include="GDCDirectX11MaterialManager.h">
      <Filter>Header Files</Filter>
    </ClInclude>
    <ClInclude Include="GDCDirectX11MaterialItem.h">
      <Filter>Header Files</Filter>
    </ClInclude>
    <ClInclude Include="GDCDirectX11LightManager.h">
      <Filter>Header Files</Filter>
    </ClInclude>
    <ClInclude Include="GFog.h">
      <Filter>Header Files</Filter>
    </ClInclude>
  </ItemGroup>
  <ItemGroup>
    <ClCompile Include="GDC.cpp">
      <Filter>Source Files</Filter>
    </ClCompile>
    <ClCompile Include="GDCInitData.cpp">
      <Filter>Source Files</Filter>
    </ClCompile>
    <ClCompile Include="G3DView.cpp">
      <Filter>Source Files</Filter>
    </ClCompile>
    <ClCompile Include="GDCDirectX11.cpp">
      <Filter>Source Files</Filter>
    </ClCompile>
    <ClCompile Include="GCamera.cpp">
      <Filter>Source Files</Filter>
    </ClCompile>
    <ClCompile Include="GDirectX11Util.cpp">
      <Filter>Source Files</Filter>
    </ClCompile>
    <ClCompile Include="G3DCallBackManager.cpp">
      <Filter>Source Files</Filter>
    </ClCompile>
    <ClCompile Include="G3DDefine.cpp">
      <Filter>Source Files</Filter>
    </ClCompile>
    <ClCompile Include="G3DViewInitData.cpp">
      <Filter>Source Files</Filter>
    </ClCompile>
    <ClCompile Include="G3DActionManager.cpp">
      <Filter>Source Files</Filter>
    </ClCompile>
    <ClCompile Include="G3DActionBase.cpp">
      <Filter>Source Files</Filter>
    </ClCompile>
    <ClCompile Include="G3DActionSelect.cpp">
      <Filter>Source Files</Filter>
    </ClCompile>
    <ClCompile Include="GDCTargetView.cpp">
      <Filter>Source Files</Filter>
    </ClCompile>
    <ClCompile Include="GDCDirectX11TargetView.cpp">
      <Filter>Source Files</Filter>
    </ClCompile>
    <ClCompile Include="GDCTargetViewInitData.cpp">
      <Filter>Source Files</Filter>
    </ClCompile>
    <ClCompile Include="G3DCallBackDrawingObject.cpp">
      <Filter>Source Files</Filter>
    </ClCompile>
    <ClCompile Include="GDCDirectX11BufferLayer.cpp">
      <Filter>Source Files</Filter>
    </ClCompile>
    <ClCompile Include="G3DViewLayer.cpp">
      <Filter>Source Files</Filter>
    </ClCompile>
    <ClCompile Include="G3DActionCreateLine.cpp">
      <Filter>Source Files</Filter>
    </ClCompile>
    <ClCompile Include="GSelectionManager.cpp">
      <Filter>Source Files</Filter>
    </ClCompile>
    <ClCompile Include="GSpace.cpp">
      <Filter>Source Files</Filter>
    </ClCompile>
    <ClCompile Include="GSpaceManager.cpp">
      <Filter>Source Files</Filter>
    </ClCompile>
    <ClCompile Include="G3DSpaceView.cpp">
      <Filter>Source Files</Filter>
    </ClCompile>
    <ClCompile Include="GDCDirectX11BufferLayerItem.cpp">
      <Filter>Source Files</Filter>
    </ClCompile>
    <ClCompile Include="G3DTest.cpp">
      <Filter>Source Files</Filter>
    </ClCompile>
    <ClCompile Include="G3DActionCreateCircle.cpp">
      <Filter>Source Files</Filter>
    </ClCompile>
    <ClCompile Include="G3DActionMove.cpp">
      <Filter>Source Files</Filter>
    </ClCompile>
    <ClCompile Include="GEditManager.cpp">
      <Filter>Source Files</Filter>
    </ClCompile>
    <ClCompile Include="G3DActionCopy.cpp">
      <Filter>Source Files</Filter>
    </ClCompile>
    <ClCompile Include="G3DActionRotate2D.cpp">
      <Filter>Source Files</Filter>
    </ClCompile>
    <ClCompile Include="G3DActionScale.cpp">
      <Filter>Source Files</Filter>
    </ClCompile>
    <ClCompile Include="GCommandBarBase.cpp">
      <Filter>Source Files</Filter>
    </ClCompile>
    <ClCompile Include="G3DAPI.cpp">
      <Filter>Source Files</Filter>
    </ClCompile>
    <ClCompile Include="..\..\..\..\Lib\DirectX11\Common\Effects.cpp">
      <Filter>Source Files</Filter>
    </ClCompile>
    <ClCompile Include="..\..\..\..\Lib\DirectX11\Common\LightHelper.cpp">
      <Filter>Source Files</Filter>
    </ClCompile>
    <ClCompile Include="..\..\..\..\Lib\DirectX11\Common\Vertex.cpp">
      <Filter>Source Files</Filter>
    </ClCompile>
    <ClCompile Include="..\..\..\..\Lib\DirectX11\Common\xnacollision.cpp">
      <Filter>Source Files</Filter>
    </ClCompile>
    <ClCompile Include="GDCBufferLayerItemIdentifier.cpp">
      <Filter>Source Files</Filter>
    </ClCompile>
    <ClCompile Include="GDCDirectX11TextureManager.cpp">
      <Filter>Source Files</Filter>
    </ClCompile>
    <ClCompile Include="GDCDirectX11TextureItem.cpp">
      <Filter>Source Files</Filter>
    </ClCompile>
    <ClCompile Include="GDCDirectX11MaterialManager.cpp">
      <Filter>Source Files</Filter>
    </ClCompile>
    <ClCompile Include="GDCDirectX11MaterialItem.cpp">
      <Filter>Source Files</Filter>
    </ClCompile>
    <ClCompile Include="GDCDirectX11LightManager.cpp">
      <Filter>Source Files</Filter>
    </ClCompile>
    <ClCompile Include="GFog.cpp">
      <Filter>Source Files</Filter>
    </ClCompile>
  </ItemGroup>
  <ItemGroup>
    <CustomBuild Include="..\..\..\..\Lib\DirectX11\FX\LightTex.fx" />
    <CustomBuild Include="..\..\..\..\Lib\DirectX11\FX\color.fx" />
  </ItemGroup>
</Project>