<?xml version="1.0" encoding="utf-8"?>
<Project ToolsVersion="4.0" xmlns="http://schemas.microsoft.com/developer/msbuild/2003">
  <ItemGroup>
    <Filter Include="Source Files">
      <UniqueIdentifier>{4FC737F1-C7A5-4376-A066-2A32D752A2FF}</UniqueIdentifier>
      <Extensions>cpp;c;cc;cxx;def;odl;idl;hpj;bat;asm;asmx</Extensions>
    </Filter>
    <Filter Include="Header Files">
      <UniqueIdentifier>{93995380-89BD-4b04-88EB-625FBE52EBFB}</UniqueIdentifier>
      <Extensions>h;hh;hpp;hxx;hm;inl;inc;xsd</Extensions>
    </Filter>
    <Filter Include="Resource Files">
      <UniqueIdentifier>{67DA6AB6-F800-4c08-8B7A-83BB121AAD01}</UniqueIdentifier>
      <Extensions>rc;ico;cur;bmp;dlg;rc2;rct;bin;rgs;gif;jpg;jpeg;jpe;resx;tiff;tif;png;wav;mfcribbon-ms</Extensions>
    </Filter>
  </ItemGroup>
  <ItemGroup>
    <ClInclude Include="G3DDB.h">
      <Filter>Header Files</Filter>
    </ClInclude>
    <ClInclude Include="GObjectBase.h">
      <Filter>Header Files</Filter>
    </ClInclude>
    <ClInclude Include="GObjectLine2D.h">
      <Filter>Header Files</Filter>
    </ClInclude>
    <ClInclude Include="GObjectManager.h">
      <Filter>Header Files</Filter>
    </ClInclude>
    <ClInclude Include="GObjectPolyline2D.h">
      <Filter>Header Files</Filter>
    </ClInclude>
    <ClInclude Include="GProperty.h">
      <Filter>Header Files</Filter>
    </ClInclude>
    <ClInclude Include="GPropertyManager.h">
      <Filter>Header Files</Filter>
    </ClInclude>
    <ClInclude Include="GObjectPoint2D.h">
      <Filter>Header Files</Filter>
    </ClInclude>
    <ClInclude Include="GObjectTriangleStrip.h">
      <Filter>Header Files</Filter>
    </ClInclude>
    <ClInclude Include="GGeometryGenerator.h">
      <Filter>Header Files</Filter>
    </ClInclude>
    <ClInclude Include="GObjectCylinder.h">
      <Filter>Header Files</Filter>
    </ClInclude>
    <ClInclude Include="GObjectSphere.h">
      <Filter>Header Files</Filter>
    </ClInclude>
    <ClInclude Include="GObjectBox.h">
      <Filter>Header Files</Filter>
    </ClInclude>
    <ClInclude Include="GObjectCircle3D.h">
      <Filter>Header Files</Filter>
    </ClInclude>
    <ClInclude Include="GObjectPolyline3D.h">
      <Filter>Header Files</Filter>
    </ClInclude>
    <ClInclude Include="GCompoundObjectBase.h">
      <Filter>Header Files</Filter>
    </ClInclude>
    <ClInclude Include="GObjectCar.h">
      <Filter>Header Files</Filter>
    </ClInclude>
    <ClInclude Include="GObjectText.h">
      <Filter>Header Files</Filter>
    </ClInclude>
    <ClInclude Include="GFontManager.h">
      <Filter>Header Files</Filter>
    </ClInclude>
    <ClInclude Include="GObjectFace.h">
      <Filter>Header Files</Filter>
    </ClInclude>
    <ClInclude Include="GObjectProxy.h">
      <Filter>Header Files</Filter>
    </ClInclude>
    <ClInclude Include="GObjectOperatorBase.h">
      <Filter>Header Files</Filter>
    </ClInclude>
    <ClInclude Include="GObjectOperatorManager.h">
      <Filter>Header Files</Filter>
    </ClInclude>
    <ClInclude Include="GDBAPI.h">
      <Filter>Header Files</Filter>
    </ClInclude>
    <ClInclude Include="DefineGDBParams.h">
      <Filter>Header Files</Filter>
    </ClInclude>
    <ClInclude Include="GTextureCoord.h">
      <Filter>Header Files</Filter>
    </ClInclude>
    <ClInclude Include="GTextureCoordManager.h">
      <Filter>Header Files</Filter>
    </ClInclude>
    <ClInclude Include="GTextureItem.h">
      <Filter>Header Files</Filter>
    </ClInclude>
    <ClInclude Include="GTextureManager.h">
      <Filter>Header Files</Filter>
    </ClInclude>
    <ClInclude Include="GMaterialItem.h">
      <Filter>Header Files</Filter>
    </ClInclude>
    <ClInclude Include="GMaterialManager.h">
      <Filter>Header Files</Filter>
    </ClInclude>
    <ClInclude Include="GLightBase.h">
      <Filter>Header Files</Filter>
    </ClInclude>
    <ClInclude Include="GLightManager.h">
      <Filter>Header Files</Filter>
    </ClInclude>
  </ItemGroup>
  <ItemGroup>
    <ClCompile Include="G3DDB.cpp">
      <Filter>Source Files</Filter>
    </ClCompile>
    <ClCompile Include="GObjectBase.cpp">
      <Filter>Source Files</Filter>
    </ClCompile>
    <ClCompile Include="GObjectLine2D.cpp">
      <Filter>Source Files</Filter>
    </ClCompile>
    <ClCompile Include="GObjectManager.cpp">
      <Filter>Source Files</Filter>
    </ClCompile>
    <ClCompile Include="GObjectPolyline2D.cpp">
      <Filter>Source Files</Filter>
    </ClCompile>
    <ClCompile Include="GProperty.cpp">
      <Filter>Source Files</Filter>
    </ClCompile>
    <ClCompile Include="GPropertyManager.cpp">
      <Filter>Source Files</Filter>
    </ClCompile>
    <ClCompile Include="GObjectPoint2D.cpp">
      <Filter>Source Files</Filter>
    </ClCompile>
    <ClCompile Include="GObjectTriangleStrip.cpp">
      <Filter>Source Files</Filter>
    </ClCompile>
    <ClCompile Include="GGeometryGenerator.cpp">
      <Filter>Source Files</Filter>
    </ClCompile>
    <ClCompile Include="GObjectCylinder.cpp">
      <Filter>Source Files</Filter>
    </ClCompile>
    <ClCompile Include="GObjectSphere.cpp">
      <Filter>Source Files</Filter>
    </ClCompile>
    <ClCompile Include="GObjectBox.cpp">
      <Filter>Source Files</Filter>
    </ClCompile>
    <ClCompile Include="GObjectCircle3D.cpp">
      <Filter>Source Files</Filter>
    </ClCompile>
    <ClCompile Include="GObjectPolyline3D.cpp">
      <Filter>Source Files</Filter>
    </ClCompile>
    <ClCompile Include="GCompoundObjectBase.cpp">
      <Filter>Source Files</Filter>
    </ClCompile>
    <ClCompile Include="GObjectCar.cpp">
      <Filter>Source Files</Filter>
    </ClCompile>
    <ClCompile Include="GObjectText.cpp">
      <Filter>Source Files</Filter>
    </ClCompile>
    <ClCompile Include="GFontManager.cpp">
      <Filter>Source Files</Filter>
    </ClCompile>
    <ClCompile Include="GObjectFace.cpp">
      <Filter>Source Files</Filter>
    </ClCompile>
    <ClCompile Include="GObjectProxy.cpp">
      <Filter>Source Files</Filter>
    </ClCompile>
    <ClCompile Include="GObjectOperatorBase.cpp">
      <Filter>Source Files</Filter>
    </ClCompile>
    <ClCompile Include="GObjectOperatorManager.cpp">
      <Filter>Source Files</Filter>
    </ClCompile>
    <ClCompile Include="GDBAPI.cpp">
      <Filter>Source Files</Filter>
    </ClCompile>
    <ClCompile Include="DefineGDBParams.cpp">
      <Filter>Source Files</Filter>
    </ClCompile>
    <ClCompile Include="GTextureCoord.cpp">
      <Filter>Source Files</Filter>
    </ClCompile>
    <ClCompile Include="GTextureCoordManager.cpp">
      <Filter>Source Files</Filter>
    </ClCompile>
    <ClCompile Include="GTextureItem.cpp">
      <Filter>Source Files</Filter>
    </ClCompile>
    <ClCompile Include="GTextureManager.cpp">
      <Filter>Source Files</Filter>
    </ClCompile>
    <ClCompile Include="GMaterialItem.cpp">
      <Filter>Source Files</Filter>
    </ClCompile>
    <ClCompile Include="GMaterialManager.cpp">
      <Filter>Source Files</Filter>
    </ClCompile>
    <ClCompile Include="GLightBase.cpp">
      <Filter>Source Files</Filter>
    </ClCompile>
    <ClCompile Include="GLightManager.cpp">
      <Filter>Source Files</Filter>
    </ClCompile>
  </ItemGroup>
</Project>