<?xml version="1.0" encoding="utf-8"?>
<Project ToolsVersion="4.0" xmlns="http://schemas.microsoft.com/developer/msbuild/2003">
  <ItemGroup>
    <Filter Include="Source Files">
      <UniqueIdentifier>{4FC737F1-C7A5-4376-A066-2A32D752A2FF}</UniqueIdentifier>
      <Extensions>cpp;c;cc;cxx;def;odl;idl;hpj;bat;asm;asmx</Extensions>
    </Filter>
    <Filter Include="Header Files">
      <UniqueIdentifier>{93995380-89BD-4b04-88EB-625FBE52EBFB}</UniqueIdentifier>
      <Extensions>h;hh;hpp;hxx;hm;inl;inc;xsd</Extensions>
    </Filter>
    <Filter Include="Resource Files">
      <UniqueIdentifier>{67DA6AB6-F800-4c08-8B7A-83BB121AAD01}</UniqueIdentifier>
      <Extensions>rc;ico;cur;bmp;dlg;rc2;rct;bin;rgs;gif;jpg;jpeg;jpe;resx;tiff;tif;png;wav;mfcribbon-ms</Extensions>
    </Filter>
  </ItemGroup>
  <ItemGroup>
    <ClInclude Include="GTypes.h">
      <Filter>Header Files</Filter>
    </ClInclude>
    <ClInclude Include="GPoint2D.h">
      <Filter>Header Files</Filter>
    </ClInclude>
    <ClInclude Include="GLine2D.h">
      <Filter>Header Files</Filter>
    </ClInclude>
    <ClInclude Include="GContainer.h">
      <Filter>Header Files</Filter>
    </ClInclude>
    <ClInclude Include="GPolyline2D.h">
      <Filter>Header Files</Filter>
    </ClInclude>
    <ClInclude Include="GPoint3D.h">
      <Filter>Header Files</Filter>
    </ClInclude>
    <ClInclude Include="GMath.h">
      <Filter>Header Files</Filter>
    </ClInclude>
    <ClInclude Include="GShell.h">
      <Filter>Header Files</Filter>
    </ClInclude>
    <ClInclude Include="GColor.h">
      <Filter>Header Files</Filter>
    </ClInclude>
    <ClInclude Include="GIDManager.h">
      <Filter>Header Files</Filter>
    </ClInclude>
    <ClInclude Include="GTimer.h">
      <Filter>Header Files</Filter>
    </ClInclude>
    <ClInclude Include="GRect.h">
      <Filter>Header Files</Filter>
    </ClInclude>
    <ClInclude Include="GCube.h">
      <Filter>Header Files</Filter>
    </ClInclude>
    <ClInclude Include="GTriangleStrip.h">
      <Filter>Header Files</Filter>
    </ClInclude>
    <ClInclude Include="GCylinder.h">
      <Filter>Header Files</Filter>
    </ClInclude>
    <ClInclude Include="GCircle3D.h">
      <Filter>Header Files</Filter>
    </ClInclude>
    <ClInclude Include="GSphere.h">
      <Filter>Header Files</Filter>
    </ClInclude>
    <ClInclude Include="GArc3D.h">
      <Filter>Header Files</Filter>
    </ClInclude>
    <ClInclude Include="GBox.h">
      <Filter>Header Files</Filter>
    </ClInclude>
    <ClInclude Include="GMatrix.h">
      <Filter>Header Files</Filter>
    </ClInclude>
    <ClInclude Include="GOctree.h">
      <Filter>Header Files</Filter>
    </ClInclude>
    <ClInclude Include="GQuadTree.hpp">
      <Filter>Header Files</Filter>
    </ClInclude>
    <ClInclude Include="GPolyline3D.h">
      <Filter>Header Files</Filter>
    </ClInclude>
    <ClInclude Include="GText.h">
      <Filter>Header Files</Filter>
    </ClInclude>
    <ClInclude Include="GFontProperty.h">
      <Filter>Header Files</Filter>
    </ClInclude>
    <ClInclude Include="Triangulate\Triangulate.h">
      <Filter>Header Files</Filter>
    </ClInclude>
    <ClInclude Include="sweep\advancing_front.h">
      <Filter>Header Files</Filter>
    </ClInclude>
    <ClInclude Include="sweep\cdt.h">
      <Filter>Header Files</Filter>
    </ClInclude>
    <ClInclude Include="sweep\sweep.h">
      <Filter>Header Files</Filter>
    </ClInclude>
    <ClInclude Include="sweep\sweep_context.h">
      <Filter>Header Files</Filter>
    </ClInclude>
    <ClInclude Include="common\shapes.h">
      <Filter>Header Files</Filter>
    </ClInclude>
    <ClInclude Include="common\utils.h">
      <Filter>Header Files</Filter>
    </ClInclude>
    <ClInclude Include="GVariantVariable.h">
      <Filter>Header Files</Filter>
    </ClInclude>
    <ClInclude Include="GProxyVariable.h">
      <Filter>Header Files</Filter>
    </ClInclude>
    <ClInclude Include="GToolCurve.h">
      <Filter>Header Files</Filter>
    </ClInclude>
  </ItemGroup>
  <ItemGroup>
    <ClCompile Include="GPoint2D.cpp">
      <Filter>Source Files</Filter>
    </ClCompile>
    <ClCompile Include="GTypes.cpp">
      <Filter>Source Files</Filter>
    </ClCompile>
    <ClCompile Include="GLine2D.cpp">
      <Filter>Source Files</Filter>
    </ClCompile>
    <ClCompile Include="GPolyline2D.cpp">
      <Filter>Source Files</Filter>
    </ClCompile>
    <ClCompile Include="GPoint3D.cpp">
      <Filter>Source Files</Filter>
    </ClCompile>
    <ClCompile Include="GMath.cpp">
      <Filter>Source Files</Filter>
    </ClCompile>
    <ClCompile Include="GShell.cpp">
      <Filter>Source Files</Filter>
    </ClCompile>
    <ClCompile Include="GColor.cpp">
      <Filter>Source Files</Filter>
    </ClCompile>
    <ClCompile Include="GIDManager.cpp">
      <Filter>Source Files</Filter>
    </ClCompile>
    <ClCompile Include="GTimer.cpp">
      <Filter>Source Files</Filter>
    </ClCompile>
    <ClCompile Include="GRect.cpp">
      <Filter>Source Files</Filter>
    </ClCompile>
    <ClCompile Include="GCube.cpp">
      <Filter>Source Files</Filter>
    </ClCompile>
    <ClCompile Include="GTriangleStrip.cpp">
      <Filter>Source Files</Filter>
    </ClCompile>
    <ClCompile Include="GCylinder.cpp">
      <Filter>Source Files</Filter>
    </ClCompile>
    <ClCompile Include="GCircle3D.cpp">
      <Filter>Source Files</Filter>
    </ClCompile>
    <ClCompile Include="GSphere.cpp">
      <Filter>Source Files</Filter>
    </ClCompile>
    <ClCompile Include="GArc3D.cpp">
      <Filter>Source Files</Filter>
    </ClCompile>
    <ClCompile Include="GBox.cpp">
      <Filter>Source Files</Filter>
    </ClCompile>
    <ClCompile Include="GMatrix.cpp">
      <Filter>Source Files</Filter>
    </ClCompile>
    <ClCompile Include="GOctree.cpp">
      <Filter>Source Files</Filter>
    </ClCompile>
    <ClCompile Include="GPolyline3D.cpp">
      <Filter>Source Files</Filter>
    </ClCompile>
    <ClCompile Include="GText.cpp">
      <Filter>Source Files</Filter>
    </ClCompile>
    <ClCompile Include="GFontProperty.cpp">
      <Filter>Source Files</Filter>
    </ClCompile>
    <ClCompile Include="Triangulate\Triangulate.cpp">
      <Filter>Source Files</Filter>
    </ClCompile>
    <ClCompile Include="sweep\advancing_front.cc">
      <Filter>Source Files</Filter>
    </ClCompile>
    <ClCompile Include="sweep\cdt.cc">
      <Filter>Source Files</Filter>
    </ClCompile>
    <ClCompile Include="sweep\sweep.cc">
      <Filter>Source Files</Filter>
    </ClCompile>
    <ClCompile Include="sweep\sweep_context.cc">
      <Filter>Source Files</Filter>
    </ClCompile>
    <ClCompile Include="common\shapes.cc">
      <Filter>Source Files</Filter>
    </ClCompile>
    <ClCompile Include="GVariantVariable.cpp">
      <Filter>Source Files</Filter>
    </ClCompile>
    <ClCompile Include="GProxyVariable.cpp">
      <Filter>Source Files</Filter>
    </ClCompile>
    <ClCompile Include="GToolCurve.cpp">
      <Filter>Source Files</Filter>
    </ClCompile>
  </ItemGroup>
</Project>